
Microsoft Visual Studio Solution File, Format Version 12.00
# Visual Studio Version 17
VisualStudioVersion = 17.11.35222.181
MinimumVisualStudioVersion = 10.0.40219.1
Project("{FAE04EC0-301F-11D3-BF4B-00C04F79EFBC}") = "TestTask", "TestTask\TestTask.csproj", "{C3DF3699-2793-4D35-9ADD-9B15C5B61D7C}"
EndProject
Project("{FAE04EC0-301F-11D3-BF4B-00C04F79EFBC}") = "DataAccess", "DataAccess\DataAccess.csproj", "{071F4EDF-B999-4E90-85ED-637E85DCFA7A}"
EndProject
Project("{FAE04EC0-301F-11D3-BF4B-00C04F79EFBC}") = "Core", "Core\Core.csproj", "{EF7DC056-A8C0-4ADD-80B4-A9091C769013}"
EndProject
Global
	GlobalSection(SolutionConfigurationPlatforms) = preSolution
		Debug|Any CPU = Debug|Any CPU
		Release|Any CPU = Release|Any CPU
	EndGlobalSection
	GlobalSection(ProjectConfigurationPlatforms) = postSolution
		{C3DF3699-2793-4D35-9ADD-9B15C5B61D7C}.Debug|Any CPU.ActiveCfg = Debug|Any CPU
		{C3DF3699-2793-4D35-9ADD-9B15C5B61D7C}.Debug|Any CPU.Build.0 = Debug|Any CPU
		{C3DF3699-2793-4D35-9ADD-9B15C5B61D7C}.Release|Any CPU.ActiveCfg = Release|Any CPU
		{C3DF3699-2793-4D35-9ADD-9B15C5B61D7C}.Release|Any CPU.Build.0 = Release|Any CPU
		{071F4EDF-B999-4E90-85ED-637E85DCFA7A}.Debug|Any CPU.ActiveCfg = Debug|Any CPU
		{071F4EDF-B999-4E90-85ED-637E85DCFA7A}.Debug|Any CPU.Build.0 = Debug|Any CPU
		{071F4EDF-B999-4E90-85ED-637E85DCFA7A}.Release|Any CPU.ActiveCfg = Release|Any CPU
		{071F4EDF-B999-4E90-85ED-637E85DCFA7A}.Release|Any CPU.Build.0 = Release|Any CPU
		{EF7DC056-A8C0-4ADD-80B4-A9091C769013}.Debug|Any CPU.ActiveCfg = Debug|Any CPU
		{EF7DC056-A8C0-4ADD-80B4-A9091C769013}.Debug|Any CPU.Build.0 = Debug|Any CPU
		{EF7DC056-A8C0-4ADD-80B4-A9091C769013}.Release|Any CPU.ActiveCfg = Release|Any CPU
		{EF7DC056-A8C0-4ADD-80B4-A9091C769013}.Release|Any CPU.Build.0 = Release|Any CPU
	EndGlobalSection
	GlobalSection(SolutionProperties) = preSolution
		HideSolutionNode = FALSE
	EndGlobalSection
	GlobalSection(ExtensibilityGlobals) = postSolution
		SolutionGuid = {BF4B4DC2-82E6-4526-91AB-7873C35422FF}
	EndGlobalSection
EndGlobal
